// !$*UTF8*$!
{
	archiveVersion = 1;
	classes = {
	};
	objectVersion = 46;
	objects = {

/* Begin PBXBuildFile section */
		DAFB90201E462B72006DB3D8 /* AppDelegate.swift in Sources */ = {isa = PBXBuildFile; fileRef = DAFB901F1E462B72006DB3D8 /* AppDelegate.swift */; };
		DAFB90221E462B72006DB3D8 /* ViewController.swift in Sources */ = {isa = PBXBuildFile; fileRef = DAFB90211E462B72006DB3D8 /* ViewController.swift */; };
		DAFB90251E462B72006DB3D8 /* Main.storyboard in Resources */ = {isa = PBXBuildFile; fileRef = DAFB90231E462B72006DB3D8 /* Main.storyboard */; };
		DAFB90281E462B72006DB3D8 /* FacebookMessenger.xcdatamodeld in Sources */ = {isa = PBXBuildFile; fileRef = DAFB90261E462B72006DB3D8 /* FacebookMessenger.xcdatamodeld */; };
		DAFB902A1E462B72006DB3D8 /* Assets.xcassets in Resources */ = {isa = PBXBuildFile; fileRef = DAFB90291E462B72006DB3D8 /* Assets.xcassets */; };
		DAFB902D1E462B72006DB3D8 /* LaunchScreen.storyboard in Resources */ = {isa = PBXBuildFile; fileRef = DAFB902B1E462B72006DB3D8 /* LaunchScreen.storyboard */; };
/* End PBXBuildFile section */

/* Begin PBXFileReference section */
		DAFB901C1E462B72006DB3D8 /* FacebookMessenger.app */ = {isa = PBXFileReference; explicitFileType = wrapper.application; includeInIndex = 0; path = FacebookMessenger.app; sourceTree = BUILT_PRODUCTS_DIR; };
		DAFB901F1E462B72006DB3D8 /* AppDelegate.swift */ = {isa = PBXFileReference; lastKnownFileType = sourcecode.swift; path = AppDelegate.swift; sourceTree = "<group>"; };
		DAFB90211E462B72006DB3D8 /* ViewController.swift */ = {isa = PBXFileReference; lastKnownFileType = sourcecode.swift; path = ViewController.swift; sourceTree = "<group>"; };
		DAFB90241E462B72006DB3D8 /* Base */ = {isa = PBXFileReference; lastKnownFileType = file.storyboard; name = Base; path = Base.lproj/Main.storyboard; sourceTree = "<group>"; };
		DAFB90271E462B72006DB3D8 /* FacebookMessenger.xcdatamodel */ = {isa = PBXFileReference; lastKnownFileType = wrapper.xcdatamodel; path = FacebookMessenger.xcdatamodel; sourceTree = "<group>"; };
		DAFB90291E462B72006DB3D8 /* Assets.xcassets */ = {isa = PBXFileReference; lastKnownFileType = folder.assetcatalog; path = Assets.xcassets; sourceTree = "<group>"; };
		DAFB902C1E462B72006DB3D8 /* Base */ = {isa = PBXFileReference; lastKnownFileType = file.storyboard; name = Base; path = Base.lproj/LaunchScreen.storyboard; sourceTree = "<group>"; };
		DAFB902E1E462B72006DB3D8 /* Info.plist */ = {isa = PBXFileReference; lastKnownFileType = text.plist.xml; path = Info.plist; sourceTree = "<group>"; };
/* End PBXFileReference section */

/* Begin PBXFrameworksBuildPhase section */
		DAFB90191E462B72006DB3D8 /* Frameworks */ = {
			isa = PBXFrameworksBuildPhase;
			buildActionMask = 2147483647;
			files = (
			);
			runOnlyForDeploymentPostprocessing = 0;
		};
/* End PBXFrameworksBuildPhase section */

/* Begin PBXGroup section */
		DAFB90131E462B72006DB3D8 = {
			isa = PBXGroup;
			children = (
				DAFB901E1E462B72006DB3D8 /* FacebookMessenger */,
				DAFB901D1E462B72006DB3D8 /* Products */,
			);
			sourceTree = "<group>";
		};
		DAFB901D1E462B72006DB3D8 /* Products */ = {
			isa = PBXGroup;
			children = (
				DAFB901C1E462B72006DB3D8 /* FacebookMessenger.app */,
			);
			name = Products;
			sourceTree = "<group>";
		};
		DAFB901E1E462B72006DB3D8 /* FacebookMessenger */ = {
			isa = PBXGroup;
			children = (
				DAFB901F1E462B72006DB3D8 /* AppDelegate.swift */,
				DAFB90211E462B72006DB3D8 /* ViewController.swift */,
				DAFB90231E462B72006DB3D8 /* Main.storyboard */,
				DAFB90291E462B72006DB3D8 /* Assets.xcassets */,
				DAFB902B1E462B72006DB3D8 /* LaunchScreen.storyboard */,
				DAFB902E1E462B72006DB3D8 /* Info.plist */,
				DAFB90261E462B72006DB3D8 /* FacebookMessenger.xcdatamodeld */,
			);
			path = FacebookMessenger;
			sourceTree = "<group>";
		};
/* End PBXGroup section */

/* Begin PBXNativeTarget section */
		DAFB901B1E462B72006DB3D8 /* FacebookMessenger */ = {
			isa = PBXNativeTarget;
			buildConfigurationList = DAFB90311E462B72006DB3D8 /* Build configuration list for PBXNativeTarget "FacebookMessenger" */;
			buildPhases = (
				DAFB90181E462B72006DB3D8 /* Sources */,
				DAFB90191E462B72006DB3D8 /* Frameworks */,
				DAFB901A1E462B72006DB3D8 /* Resources */,
			);
			buildRules = (
			);
			dependencies = (
			);
			name = FacebookMessenger;
			productName = FacebookMessenger;
			productReference = DAFB901C1E462B72006DB3D8 /* FacebookMessenger.app */;
			productType = "com.apple.product-type.application";
		};
/* End PBXNativeTarget section */

/* Begin PBXProject section */
		DAFB90141E462B72006DB3D8 /* Project object */ = {
			isa = PBXProject;
			attributes = {
				LastSwiftUpdateCheck = 0820;
				LastUpgradeCheck = 0820;
				ORGANIZATIONNAME = leomoon;
				TargetAttributes = {
					DAFB901B1E462B72006DB3D8 = {
						CreatedOnToolsVersion = 8.2.1;
						DevelopmentTeam = UZD8JHA5UW;
						ProvisioningStyle = Automatic;
					};
				};
			};
			buildConfigurationList = DAFB90171E462B72006DB3D8 /* Build configuration list for PBXProject "FacebookMessenger" */;
			compatibilityVersion = "Xcode 3.2";
			developmentRegion = English;
			hasScannedForEncodings = 0;
			knownRegions = (
				en,
				Base,
			);
			mainGroup = DAFB90131E462B72006DB3D8;
			productRefGroup = DAFB901D1E462B72006DB3D8 /* Products */;
			projectDirPath = "";
			projectRoot = "";
			targets = (
				DAFB901B1E462B72006DB3D8 /* FacebookMessenger */,
			);
		};
/* End PBXProject section */

/* Begin PBXResourcesBuildPhase section */
		DAFB901A1E462B72006DB3D8 /* Resources */ = {
			isa = PBXResourcesBuildPhase;
			buildActionMask = 2147483647;
			files = (
				DAFB902D1E462B72006DB3D8 /* LaunchScreen.storyboard in Resources */,
				DAFB902A1E462B72006DB3D8 /* Assets.xcassets in Resources */,
				DAFB90251E462B72006DB3D8 /* Main.storyboard in Resources */,
			);
			runOnlyForDeploymentPostprocessing = 0;
		};
/* End PBXResourcesBuildPhase section */

/* Begin PBXSourcesBuildPhase section */
		DAFB90181E462B72006DB3D8 /* Sources */ = {
			isa = PBXSourcesBuildPhase;
			buildActionMask = 2147483647;
			files = (
				DAFB90221E462B72006DB3D8 /* ViewController.swift in Sources */,
				DAFB90201E462B72006DB3D8 /* AppDelegate.swift in Sources */,
				DAFB90281E462B72006DB3D8 /* FacebookMessenger.xcdatamodeld in Sources */,
			);
			runOnlyForDeploymentPostprocessing = 0;
		};
/* End PBXSourcesBuildPhase section */

/* Begin PBXVariantGroup section */
		DAFB90231E462B72006DB3D8 /* Main.storyboard */ = {
			isa = PBXVariantGroup;
			children = (
				DAFB90241E462B72006DB3D8 /* Base */,
			);
			name = Main.storyboard;
			sourceTree = "<group>";
		};
		DAFB902B1E462B72006DB3D8 /* LaunchScreen.storyboard */ = {
			isa = PBXVariantGroup;
			children = (
				DAFB902C1E462B72006DB3D8 /* Base */,
			);
			name = LaunchScreen.storyboard;
			sourceTree = "<group>";
		};
/* End PBXVariantGroup section */

/* Begin XCBuildConfiguration section */
		DAFB902F1E462B72006DB3D8 /* Debug */ = {
			isa = XCBuildConfiguration;
			buildSettings = {
				ALWAYS_SEARCH_USER_PATHS = NO;
				CLANG_ANALYZER_NONNULL = YES;
				CLANG_CXX_LANGUAGE_STANDARD = "gnu++0x";
				CLANG_CXX_LIBRARY = "libc++";
				CLANG_ENABLE_MODULES = YES;
				CLANG_ENABLE_OBJC_ARC = YES;
				CLANG_WARN_BOOL_CONVERSION = YES;
				CLANG_WARN_CONSTANT_CONVERSION = YES;
				CLANG_WARN_DIRECT_OBJC_ISA_USAGE = YES_ERROR;
				CLANG_WARN_DOCUMENTATION_COMMENTS = YES;
				CLANG_WARN_EMPTY_BODY = YES;
				CLANG_WARN_ENUM_CONVERSION = YES;
				CLANG_WARN_INFINITE_RECURSION = YES;
				CLANG_WARN_INT_CONVERSION = YES;
				CLANG_WARN_OBJC_ROOT_CLASS = YES_ERROR;
				CLANG_WARN_SUSPICIOUS_MOVE = YES;
				CLANG_WARN_UNREACHABLE_CODE = YES;
				CLANG_WARN__DUPLICATE_METHOD_MATCH = YES;
				"CODE_SIGN_IDENTITY[sdk=iphoneos*]" = "iPhone Developer";
				COPY_PHASE_STRIP = NO;
				DEBUG_INFORMATION_FORMAT = dwarf;
				ENABLE_STRICT_OBJC_MSGSEND = YES;
				ENABLE_TESTABILITY = YES;
				GCC_C_LANGUAGE_STANDARD = gnu99;
				GCC_DYNAMIC_NO_PIC = NO;
				GCC_NO_COMMON_BLOCKS = YES;
				GCC_OPTIMIZATION_LEVEL = 0;
				GCC_PREPROCESSOR_DEFINITIONS = (
					"DEBUG=1",
					"$(inherited)",
				);
				GCC_WARN_64_TO_32_BIT_CONVERSION = YES;
				GCC_WARN_ABOUT_RETURN_TYPE = YES_ERROR;
				GCC_WARN_UNDECLARED_SELECTOR = YES;
				GCC_WARN_UNINITIALIZED_AUTOS = YES_AGGRESSIVE;
				GCC_WARN_UNUSED_FUNCTION = YES;
				GCC_WARN_UNUSED_VARIABLE = YES;
				IPHONEOS_DEPLOYMENT_TARGET = 10.2;
				MTL_ENABLE_DEBUG_INFO = YES;
				ONLY_ACTIVE_ARCH = YES;
				SDKROOT = iphoneos;
				SWIFT_ACTIVE_COMPILATION_CONDITIONS = DEBUG;
				SWIFT_OPTIMIZATION_LEVEL = "-Onone";
				TARGETED_DEVICE_FAMILY = "1,2";
			};
			name = Debug;
		};
		DAFB90301E462B72006DB3D8 /* Release */ = {
			isa = XCBuildConfiguration;
			buildSettings = {
				ALWAYS_SEARCH_USER_PATHS = NO;
				CLANG_ANALYZER_NONNULL = YES;
				CLANG_CXX_LANGUAGE_STANDARD = "gnu++0x";
				CLANG_CXX_LIBRARY = "libc++";
				CLANG_ENABLE_MODULES = YES;
				CLANG_ENABLE_OBJC_ARC = YES;
				CLANG_WARN_BOOL_CONVERSION = YES;
				CLANG_WARN_CONSTANT_CONVERSION = YES;
				CLANG_WARN_DIRECT_OBJC_ISA_USAGE = YES_ERROR;
				CLANG_WARN_DOCUMENTATION_COMMENTS = YES;
				CLANG_WARN_EMPTY_BODY = YES;
				CLANG_WARN_ENUM_CONVERSION = YES;
				CLANG_WARN_INFINITE_RECURSION = YES;
				CLANG_WARN_INT_CONVERSION = YES;
				CLANG_WARN_OBJC_ROOT_CLASS = YES_ERROR;
				CLANG_WARN_SUSPICIOUS_MOVE = YES;
				CLANG_WARN_UNREACHABLE_CODE = YES;
				CLANG_WARN__DUPLICATE_METHOD_MATCH = YES;
				"CODE_SIGN_IDENTITY[sdk=iphoneos*]" = "iPhone Developer";
				COPY_PHASE_STRIP = NO;
				DEBUG_INFORMATION_FORMAT = "dwarf-with-dsym";
				ENABLE_NS_ASSERTIONS = NO;
				ENABLE_STRICT_OBJC_MSGSEND = YES;
				GCC_C_LANGUAGE_STANDARD = gnu99;
				GCC_NO_COMMON_BLOCKS = YES;
				GCC_WARN_64_TO_32_BIT_CONVERSION = YES;
				GCC_WARN_ABOUT_RETURN_TYPE = YES_ERROR;
				GCC_WARN_UNDECLARED_SELECTOR = YES;
				GCC_WARN_UNINITIALIZED_AUTOS = YES_AGGRESSIVE;
				GCC_WARN_UNUSED_FUNCTION = YES;
				GCC_WARN_UNUSED_VARIABLE = YES;
				IPHONEOS_DEPLOYMENT_TARGET = 10.2;
				MTL_ENABLE_DEBUG_INFO = NO;
				SDKROOT = iphoneos;
				SWIFT_OPTIMIZATION_LEVEL = "-Owholemodule";
				TARGETED_DEVICE_FAMILY = "1,2";
				VALIDATE_PRODUCT = YES;
			};
			name = Release;
		};
		DAFB90321E462B72006DB3D8 /* Debug */ = {
			isa = XCBuildConfiguration;
			buildSettings = {
				ASSETCATALOG_COMPILER_APPICON_NAME = AppIcon;
				DEVELOPMENT_TEAM = UZD8JHA5UW;
				INFOPLIST_FILE = FacebookMessenger/Info.plist;
				LD_RUNPATH_SEARCH_PATHS = "$(inherited) @executable_path/Frameworks";
				PRODUCT_BUNDLE_IDENTIFIER = com.leomoon.FacebookMessenger;
				PRODUCT_NAME = "$(TARGET_NAME)";
				SWIFT_VERSION = 3.0;
			};
			name = Debug;
		};
		DAFB90331E462B72006DB3D8 /* Release */ = {
			isa = XCBuildConfiguration;
			buildSettings = {
				ASSETCATALOG_COMPILER_APPICON_NAME = AppIcon;
				DEVELOPMENT_TEAM = UZD8JHA5UW;
				INFOPLIST_FILE = FacebookMessenger/Info.plist;
				LD_RUNPATH_SEARCH_PATHS = "$(inherited) @executable_path/Frameworks";
				PRODUCT_BUNDLE_IDENTIFIER = com.leomoon.FacebookMessenger;
				PRODUCT_NAME = "$(TARGET_NAME)";
				SWIFT_VERSION = 3.0;
			};
			name = Release;
		};
/* End XCBuildConfiguration section */

/* Begin XCConfigurationList section */
		DAFB90171E462B72006DB3D8 /* Build configuration list for PBXProject "FacebookMessenger" */ = {
			isa = XCConfigurationList;
			buildConfigurations = (
				DAFB902F1E462B72006DB3D8 /* Debug */,
				DAFB90301E462B72006DB3D8 /* Release */,
			);
			defaultConfigurationIsVisible = 0;
			defaultConfigurationName = Release;
		};
		DAFB90311E462B72006DB3D8 /* Build configuration list for PBXNativeTarget "FacebookMessenger" */ = {
			isa = XCConfigurationList;
			buildConfigurations = (
				DAFB90321E462B72006DB3D8 /* Debug */,
				DAFB90331E462B72006DB3D8 /* Release */,
			);
			defaultConfigurationIsVisible = 0;
		};
/* End XCConfigurationList section */

/* Begin XCVersionGroup section */
		DAFB90261E462B72006DB3D8 /* FacebookMessenger.xcdatamodeld */ = {
			isa = XCVersionGroup;
			children = (
				DAFB90271E462B72006DB3D8 /* FacebookMessenger.xcdatamodel */,
			);
			currentVersion = DAFB90271E462B72006DB3D8 /* FacebookMessenger.xcdatamodel */;
			path = FacebookMessenger.xcdatamodeld;
			sourceTree = "<group>";
			versionGroupType = wrapper.xcdatamodel;
		};
/* End XCVersionGroup section */
	};
	rootObject = DAFB90141E462B72006DB3D8 /* Project object */;
}
